
Microsoft Visual Studio Solution File, Format Version 12.00
# Visual Studio 15
VisualStudioVersion = 15.0.28307.757
MinimumVisualStudioVersion = 10.0.40219.1
Project("{FAE04EC0-301F-11D3-BF4B-00C04F79EFBC}") = "QREST", "QREST\QREST.csproj", "{31001D31-FF42-41CC-B28B-79641A9C74AC}"
EndProject
Project("{9A19103F-16F7-4668-BE54-9A1E7A4F7556}") = "QREST_Function", "QREST_Function\QREST_Function.csproj", "{2C96E84E-AF5F-4F2A-B60B-073D897E51D4}"
EndProject
Project("{FAE04EC0-301F-11D3-BF4B-00C04F79EFBC}") = "QRESTModel", "QRESTModel\QRESTModel.csproj", "{499F2C39-41B7-4573-B033-C79F25C272C9}"
EndProject
Project("{FAE04EC0-301F-11D3-BF4B-00C04F79EFBC}") = "QREST_BrowserUnitTests", "QREST_BrowserUnitTests\QREST_BrowserUnitTests.csproj", "{817D4312-B23E-4A22-872F-721257C8D24B}"
EndProject
Global
	GlobalSection(SolutionConfigurationPlatforms) = preSolution
		Debug|Any CPU = Debug|Any CPU
		Release|Any CPU = Release|Any CPU
	EndGlobalSection
	GlobalSection(ProjectConfigurationPlatforms) = postSolution
		{31001D31-FF42-41CC-B28B-79641A9C74AC}.Debug|Any CPU.ActiveCfg = Debug|Any CPU
		{31001D31-FF42-41CC-B28B-79641A9C74AC}.Debug|Any CPU.Build.0 = Debug|Any CPU
		{31001D31-FF42-41CC-B28B-79641A9C74AC}.Release|Any CPU.ActiveCfg = Release|Any CPU
		{31001D31-FF42-41CC-B28B-79641A9C74AC}.Release|Any CPU.Build.0 = Release|Any CPU
		{2C96E84E-AF5F-4F2A-B60B-073D897E51D4}.Debug|Any CPU.ActiveCfg = Debug|Any CPU
		{2C96E84E-AF5F-4F2A-B60B-073D897E51D4}.Debug|Any CPU.Build.0 = Debug|Any CPU
		{2C96E84E-AF5F-4F2A-B60B-073D897E51D4}.Release|Any CPU.ActiveCfg = Release|Any CPU
		{2C96E84E-AF5F-4F2A-B60B-073D897E51D4}.Release|Any CPU.Build.0 = Release|Any CPU
		{499F2C39-41B7-4573-B033-C79F25C272C9}.Debug|Any CPU.ActiveCfg = Debug|Any CPU
		{499F2C39-41B7-4573-B033-C79F25C272C9}.Debug|Any CPU.Build.0 = Debug|Any CPU
		{499F2C39-41B7-4573-B033-C79F25C272C9}.Release|Any CPU.ActiveCfg = Release|Any CPU
		{499F2C39-41B7-4573-B033-C79F25C272C9}.Release|Any CPU.Build.0 = Release|Any CPU
		{817D4312-B23E-4A22-872F-721257C8D24B}.Debug|Any CPU.ActiveCfg = Debug|Any CPU
		{817D4312-B23E-4A22-872F-721257C8D24B}.Debug|Any CPU.Build.0 = Debug|Any CPU
		{817D4312-B23E-4A22-872F-721257C8D24B}.Release|Any CPU.ActiveCfg = Release|Any CPU
		{817D4312-B23E-4A22-872F-721257C8D24B}.Release|Any CPU.Build.0 = Release|Any CPU
	EndGlobalSection
	GlobalSection(SolutionProperties) = preSolution
		HideSolutionNode = FALSE
	EndGlobalSection
	GlobalSection(ExtensibilityGlobals) = postSolution
		SolutionGuid = {8BBA46D9-DD2A-47D2-8B5E-165ED8D3116B}
	EndGlobalSection
EndGlobal
